
Microsoft Visual Studio Solution File, Format Version 12.00
# Visual Studio Version 17
VisualStudioVersion = 17.2.32526.322
MinimumVisualStudioVersion = 10.0.40219.1
Project("{9A19103F-16F7-4668-BE54-9A1E7A4F7556}") = "Parkings", "Parkings.csproj", "{6FFD9AB7-3505-44A6-A3E3-EDC550064A0C}"
EndProject
Global
	GlobalSection(SolutionConfigurationPlatforms) = preSolution
		Debug|Any CPU = Debug|Any CPU
		Release|Any CPU = Release|Any CPU
	EndGlobalSection
	GlobalSection(ProjectConfigurationPlatforms) = postSolution
		{6FFD9AB7-3505-44A6-A3E3-EDC550064A0C}.Debug|Any CPU.ActiveCfg = Debug|Any CPU
		{6FFD9AB7-3505-44A6-A3E3-EDC550064A0C}.Debug|Any CPU.Build.0 = Debug|Any CPU
		{6FFD9AB7-3505-44A6-A3E3-EDC550064A0C}.Release|Any CPU.ActiveCfg = Release|Any CPU
		{6FFD9AB7-3505-44A6-A3E3-EDC550064A0C}.Release|Any CPU.Build.0 = Release|Any CPU
	EndGlobalSection
	GlobalSection(SolutionProperties) = preSolution
		HideSolutionNode = FALSE
	EndGlobalSection
	GlobalSection(ExtensibilityGlobals) = postSolution
		SolutionGuid = {887838E7-C7C0-40A7-9A29-35605D6C215E}
	EndGlobalSection
EndGlobal
